Microsoft Visual Studio Solution File, Format Version 12.00
# Visual Studio Version 17
VisualStudioVersion = 17.5.2.0
MinimumVisualStudioVersion = 10.0.40219.1
Project("{FAE04EC0-301F-11D3-BF4B-00C04F79EFBC}") = "MvcBitirmeProjesi", "MvcBitirmeProjesi.csproj", "{C3363CC2-DC97-2103-07B3-A2323E84FD24}"
EndProject
Global
	GlobalSection(SolutionConfigurationPlatforms) = preSolution
		Debug|Any CPU = Debug|Any CPU
		Release|Any CPU = Release|Any CPU
	EndGlobalSection
	GlobalSection(ProjectConfigurationPlatforms) = postSolution
		{C3363CC2-DC97-2103-07B3-A2323E84FD24}.Debug|Any CPU.ActiveCfg = Debug|Any CPU
		{C3363CC2-DC97-2103-07B3-A2323E84FD24}.Debug|Any CPU.Build.0 = Debug|Any CPU
		{C3363CC2-DC97-2103-07B3-A2323E84FD24}.Release|Any CPU.ActiveCfg = Release|Any CPU
		{C3363CC2-DC97-2103-07B3-A2323E84FD24}.Release|Any CPU.Build.0 = Release|Any CPU
	EndGlobalSection
	GlobalSection(SolutionProperties) = preSolution
		HideSolutionNode = FALSE
	EndGlobalSection
	GlobalSection(ExtensibilityGlobals) = postSolution
		SolutionGuid = {8A3BA4F2-9598-4005-8178-25924BA3F3CD}
	EndGlobalSection
EndGlobal
